
Microsoft Visual Studio Solution File, Format Version 12.00
# Visual Studio 15
VisualStudioVersion = 15.0.27703.2035
MinimumVisualStudioVersion = 10.0.40219.1
Project("{FAE04EC0-301F-11D3-BF4B-00C04F79EFBC}") = "BookTrade_API", "BookTrade_API\BookTrade_API.csproj", "{6748AD96-9A99-45C1-A6CB-F4F09AAFC484}"
EndProject
Global
	GlobalSection(SolutionConfigurationPlatforms) = preSolution
		Debug|Any CPU = Debug|Any CPU
		Release|Any CPU = Release|Any CPU
	EndGlobalSection
	GlobalSection(ProjectConfigurationPlatforms) = postSolution
		{6748AD96-9A99-45C1-A6CB-F4F09AAFC484}.Debug|Any CPU.ActiveCfg = Debug|Any CPU
		{6748AD96-9A99-45C1-A6CB-F4F09AAFC484}.Debug|Any CPU.Build.0 = Debug|Any CPU
		{6748AD96-9A99-45C1-A6CB-F4F09AAFC484}.Release|Any CPU.ActiveCfg = Release|Any CPU
		{6748AD96-9A99-45C1-A6CB-F4F09AAFC484}.Release|Any CPU.Build.0 = Release|Any CPU
	EndGlobalSection
	GlobalSection(SolutionProperties) = preSolution
		HideSolutionNode = FALSE
	EndGlobalSection
	GlobalSection(ExtensibilityGlobals) = postSolution
		SolutionGuid = {B933F55F-62CC-455D-AEC3-9D2B2DC828D7}
	EndGlobalSection
EndGlobal
